
Microsoft Visual Studio Solution File, Format Version 12.00
# Visual Studio Version 18
VisualStudioVersion = 18.4.11612.150
MinimumVisualStudioVersion = 10.0.40219.1
Project("{FAE04EC0-301F-11D3-BF4B-00C04F79EFBC}") = "ExpenseCategorizer.Shared", "ExpenseCategorizer.Shared\ExpenseCategorizer.Shared.csproj", "{97132C3E-07AE-8B33-34DD-D4ADF4FC3342}"
EndProject
Project("{FAE04EC0-301F-11D3-BF4B-00C04F79EFBC}") = "ExpenseCategorizerFunction", "ExpenseCategorizerFunction\ExpenseCategorizerFunction.csproj", "{9FD2631B-9B5C-451E-4E3F-C3FC5E712450}"
EndProject
Project("{FAE04EC0-301F-11D3-BF4B-00C04F79EFBC}") = "ExpenseModelTrainer", "ExpenseModelTrainer\ExpenseModelTrainer\ExpenseModelTrainer.csproj", "{D86CC7C6-49CA-F522-BFB0-847B3FF86714}"
EndProject
Project("{FAE04EC0-301F-11D3-BF4B-00C04F79EFBC}") = "ExpenseCategorizer", "ExpenseCategorizer.Client\ExpenseCategorizer.csproj", "{E6A468E3-CA4E-3AE7-024D-6438B700E18F}"
EndProject
Global
	GlobalSection(SolutionConfigurationPlatforms) = preSolution
		Debug|Any CPU = Debug|Any CPU
		Debug|x64 = Debug|x64
		MixedPlatforms|Any CPU = MixedPlatforms|Any CPU
		MixedPlatforms|x64 = MixedPlatforms|x64
		Release|Any CPU = Release|Any CPU
		Release|x64 = Release|x64
	EndGlobalSection
	GlobalSection(ProjectConfigurationPlatforms) = postSolution
		{97132C3E-07AE-8B33-34DD-D4ADF4FC3342}.Debug|Any CPU.ActiveCfg = Debug|Any CPU
		{97132C3E-07AE-8B33-34DD-D4ADF4FC3342}.Debug|Any CPU.Build.0 = Debug|Any CPU
		{97132C3E-07AE-8B33-34DD-D4ADF4FC3342}.Debug|x64.ActiveCfg = Debug|x64
		{97132C3E-07AE-8B33-34DD-D4ADF4FC3342}.Debug|x64.Build.0 = Debug|x64
		{97132C3E-07AE-8B33-34DD-D4ADF4FC3342}.MixedPlatforms|Any CPU.ActiveCfg = Debug|Any CPU
		{97132C3E-07AE-8B33-34DD-D4ADF4FC3342}.MixedPlatforms|Any CPU.Build.0 = Debug|Any CPU
		{97132C3E-07AE-8B33-34DD-D4ADF4FC3342}.MixedPlatforms|x64.ActiveCfg = Debug|x64
		{97132C3E-07AE-8B33-34DD-D4ADF4FC3342}.MixedPlatforms|x64.Build.0 = Debug|x64
		{97132C3E-07AE-8B33-34DD-D4ADF4FC3342}.Release|Any CPU.ActiveCfg = Release|Any CPU
		{97132C3E-07AE-8B33-34DD-D4ADF4FC3342}.Release|Any CPU.Build.0 = Release|Any CPU
		{97132C3E-07AE-8B33-34DD-D4ADF4FC3342}.Release|x64.ActiveCfg = Release|x64
		{97132C3E-07AE-8B33-34DD-D4ADF4FC3342}.Release|x64.Build.0 = Release|x64
		{9FD2631B-9B5C-451E-4E3F-C3FC5E712450}.Debug|Any CPU.ActiveCfg = Debug|x64
		{9FD2631B-9B5C-451E-4E3F-C3FC5E712450}.Debug|Any CPU.Build.0 = Debug|x64
		{9FD2631B-9B5C-451E-4E3F-C3FC5E712450}.Debug|x64.ActiveCfg = Debug|x64
		{9FD2631B-9B5C-451E-4E3F-C3FC5E712450}.Debug|x64.Build.0 = Debug|x64
		{9FD2631B-9B5C-451E-4E3F-C3FC5E712450}.MixedPlatforms|Any CPU.ActiveCfg = Debug|x64
		{9FD2631B-9B5C-451E-4E3F-C3FC5E712450}.MixedPlatforms|Any CPU.Build.0 = Debug|x64
		{9FD2631B-9B5C-451E-4E3F-C3FC5E712450}.MixedPlatforms|x64.ActiveCfg = Debug|x64
		{9FD2631B-9B5C-451E-4E3F-C3FC5E712450}.MixedPlatforms|x64.Build.0 = Debug|x64
		{9FD2631B-9B5C-451E-4E3F-C3FC5E712450}.Release|Any CPU.ActiveCfg = Release|x64
		{9FD2631B-9B5C-451E-4E3F-C3FC5E712450}.Release|Any CPU.Build.0 = Release|x64
		{9FD2631B-9B5C-451E-4E3F-C3FC5E712450}.Release|x64.ActiveCfg = Release|x64
		{9FD2631B-9B5C-451E-4E3F-C3FC5E712450}.Release|x64.Build.0 = Release|x64
		{D86CC7C6-49CA-F522-BFB0-847B3FF86714}.Debug|Any CPU.ActiveCfg = Debug|x64
		{D86CC7C6-49CA-F522-BFB0-847B3FF86714}.Debug|Any CPU.Build.0 = Debug|x64
		{D86CC7C6-49CA-F522-BFB0-847B3FF86714}.Debug|x64.ActiveCfg = Debug|x64
		{D86CC7C6-49CA-F522-BFB0-847B3FF86714}.Debug|x64.Build.0 = Debug|x64
		{D86CC7C6-49CA-F522-BFB0-847B3FF86714}.MixedPlatforms|Any CPU.ActiveCfg = Debug|x64
		{D86CC7C6-49CA-F522-BFB0-847B3FF86714}.MixedPlatforms|Any CPU.Build.0 = Debug|x64
		{D86CC7C6-49CA-F522-BFB0-847B3FF86714}.MixedPlatforms|x64.ActiveCfg = Debug|x64
		{D86CC7C6-49CA-F522-BFB0-847B3FF86714}.MixedPlatforms|x64.Build.0 = Debug|x64
		{D86CC7C6-49CA-F522-BFB0-847B3FF86714}.Release|Any CPU.ActiveCfg = Release|x64
		{D86CC7C6-49CA-F522-BFB0-847B3FF86714}.Release|Any CPU.Build.0 = Release|x64
		{D86CC7C6-49CA-F522-BFB0-847B3FF86714}.Release|x64.ActiveCfg = Release|x64
		{D86CC7C6-49CA-F522-BFB0-847B3FF86714}.Release|x64.Build.0 = Release|x64
		{E6A468E3-CA4E-3AE7-024D-6438B700E18F}.Debug|Any CPU.ActiveCfg = Debug|Any CPU
		{E6A468E3-CA4E-3AE7-024D-6438B700E18F}.Debug|Any CPU.Build.0 = Debug|Any CPU
		{E6A468E3-CA4E-3AE7-024D-6438B700E18F}.Debug|x64.ActiveCfg = Debug|Any CPU
		{E6A468E3-CA4E-3AE7-024D-6438B700E18F}.Debug|x64.Build.0 = Debug|Any CPU
		{E6A468E3-CA4E-3AE7-024D-6438B700E18F}.MixedPlatforms|Any CPU.ActiveCfg = Debug|Any CPU
		{E6A468E3-CA4E-3AE7-024D-6438B700E18F}.MixedPlatforms|Any CPU.Build.0 = Debug|Any CPU
		{E6A468E3-CA4E-3AE7-024D-6438B700E18F}.MixedPlatforms|x64.ActiveCfg = Debug|Any CPU
		{E6A468E3-CA4E-3AE7-024D-6438B700E18F}.MixedPlatforms|x64.Build.0 = Debug|Any CPU
		{E6A468E3-CA4E-3AE7-024D-6438B700E18F}.Release|Any CPU.ActiveCfg = Release|Any CPU
		{E6A468E3-CA4E-3AE7-024D-6438B700E18F}.Release|Any CPU.Build.0 = Release|Any CPU
		{E6A468E3-CA4E-3AE7-024D-6438B700E18F}.Release|x64.ActiveCfg = Release|Any CPU
		{E6A468E3-CA4E-3AE7-024D-6438B700E18F}.Release|x64.Build.0 = Release|Any CPU
	EndGlobalSection
	GlobalSection(SolutionProperties) = preSolution
		HideSolutionNode = FALSE
	EndGlobalSection
	GlobalSection(ExtensibilityGlobals) = postSolution
		SolutionGuid = {F675E531-5FBE-4648-851F-F9ACE1EEF9BA}
	EndGlobalSection
EndGlobal
